
Microsoft Visual Studio Solution File, Format Version 11.00
# Visual Studio 2010
Project("{FAE04EC0-301F-11D3-BF4B-00C04F79EFBC}") = "BG.CommunicateService", "BG.CommunicateService\BG.CommunicateService.csproj", "{289D23DA-10AF-49D8-97F2-145A9280BEB3}"
EndProject
Project("{FAE04EC0-301F-11D3-BF4B-00C04F79EFBC}") = "BG.OPC", "BG.OPCWrapper\BG.OPC.csproj", "{647A0B54-8721-40EF-A3B6-EBF9A39889ED}"
EndProject
Project("{FAE04EC0-301F-11D3-BF4B-00C04F79EFBC}") = "BG.Log", "BG.Log\BG.Log.csproj", "{112D5952-9ABF-477F-8250-8B1039820628}"
EndProject
Project("{FAE04EC0-301F-11D3-BF4B-00C04F79EFBC}") = "BG.Service", "BG.Service\BG.Service.csproj", "{93ED3948-4A1A-4755-A5E0-B81DCBB915A9}"
EndProject
Project("{FAE04EC0-301F-11D3-BF4B-00C04F79EFBC}") = "BG.Contract", "BG.Contract\BG.Contract.csproj", "{B5161714-47C2-4D35-8331-326C3AFF2912}"
EndProject
Project("{FAE04EC0-301F-11D3-BF4B-00C04F79EFBC}") = "BG.Utilities", "BG.Utilities\BG.Utilities.csproj", "{C293C5E3-F909-4C45-BE88-8B4EE445145F}"
EndProject
Project("{FAE04EC0-301F-11D3-BF4B-00C04F79EFBC}") = "BG.Database", "BG.Database\BG.Database.csproj", "{20B5FD12-D53D-45CC-A7C2-B29EDAC43AFA}"
EndProject
Global
	GlobalSection(SolutionConfigurationPlatforms) = preSolution
		Debug|Any CPU = Debug|Any CPU
		Debug|Mixed Platforms = Debug|Mixed Platforms
		Debug|x86 = Debug|x86
		Release|Any CPU = Release|Any CPU
		Release|Mixed Platforms = Release|Mixed Platforms
		Release|x86 = Release|x86
	EndGlobalSection
	GlobalSection(ProjectConfigurationPlatforms) = postSolution
		{289D23DA-10AF-49D8-97F2-145A9280BEB3}.Debug|Any CPU.ActiveCfg = Debug|x86
		{289D23DA-10AF-49D8-97F2-145A9280BEB3}.Debug|Mixed Platforms.ActiveCfg = Debug|x86
		{289D23DA-10AF-49D8-97F2-145A9280BEB3}.Debug|Mixed Platforms.Build.0 = Debug|x86
		{289D23DA-10AF-49D8-97F2-145A9280BEB3}.Debug|x86.ActiveCfg = Debug|x86
		{289D23DA-10AF-49D8-97F2-145A9280BEB3}.Debug|x86.Build.0 = Debug|x86
		{289D23DA-10AF-49D8-97F2-145A9280BEB3}.Release|Any CPU.ActiveCfg = Release|x86
		{289D23DA-10AF-49D8-97F2-145A9280BEB3}.Release|Mixed Platforms.ActiveCfg = Release|x86
		{289D23DA-10AF-49D8-97F2-145A9280BEB3}.Release|Mixed Platforms.Build.0 = Release|x86
		{289D23DA-10AF-49D8-97F2-145A9280BEB3}.Release|x86.ActiveCfg = Release|x86
		{289D23DA-10AF-49D8-97F2-145A9280BEB3}.Release|x86.Build.0 = Release|x86
		{647A0B54-8721-40EF-A3B6-EBF9A39889ED}.Debug|Any CPU.ActiveCfg = Debug|Any CPU
		{647A0B54-8721-40EF-A3B6-EBF9A39889ED}.Debug|Any CPU.Build.0 = Debug|Any CPU
		{647A0B54-8721-40EF-A3B6-EBF9A39889ED}.Debug|Mixed Platforms.ActiveCfg = Debug|Any CPU
		{647A0B54-8721-40EF-A3B6-EBF9A39889ED}.Debug|Mixed Platforms.Build.0 = Debug|Any CPU
		{647A0B54-8721-40EF-A3B6-EBF9A39889ED}.Debug|x86.ActiveCfg = Debug|x86
		{647A0B54-8721-40EF-A3B6-EBF9A39889ED}.Release|Any CPU.ActiveCfg = Release|Any CPU
		{647A0B54-8721-40EF-A3B6-EBF9A39889ED}.Release|Any CPU.Build.0 = Release|Any CPU
		{647A0B54-8721-40EF-A3B6-EBF9A39889ED}.Release|Mixed Platforms.ActiveCfg = Release|Any CPU
		{647A0B54-8721-40EF-A3B6-EBF9A39889ED}.Release|Mixed Platforms.Build.0 = Release|Any CPU
		{647A0B54-8721-40EF-A3B6-EBF9A39889ED}.Release|x86.ActiveCfg = Release|Any CPU
		{112D5952-9ABF-477F-8250-8B1039820628}.Debug|Any CPU.ActiveCfg = Debug|Any CPU
		{112D5952-9ABF-477F-8250-8B1039820628}.Debug|Any CPU.Build.0 = Debug|Any CPU
		{112D5952-9ABF-477F-8250-8B1039820628}.Debug|Mixed Platforms.ActiveCfg = Debug|Any CPU
		{112D5952-9ABF-477F-8250-8B1039820628}.Debug|Mixed Platforms.Build.0 = Debug|Any CPU
		{112D5952-9ABF-477F-8250-8B1039820628}.Debug|x86.ActiveCfg = Debug|x86
		{112D5952-9ABF-477F-8250-8B1039820628}.Release|Any CPU.ActiveCfg = Release|Any CPU
		{112D5952-9ABF-477F-8250-8B1039820628}.Release|Any CPU.Build.0 = Release|Any CPU
		{112D5952-9ABF-477F-8250-8B1039820628}.Release|Mixed Platforms.ActiveCfg = Release|Any CPU
		{112D5952-9ABF-477F-8250-8B1039820628}.Release|Mixed Platforms.Build.0 = Release|Any CPU
		{112D5952-9ABF-477F-8250-8B1039820628}.Release|x86.ActiveCfg = Release|Any CPU
		{93ED3948-4A1A-4755-A5E0-B81DCBB915A9}.Debug|Any CPU.ActiveCfg = Debug|Any CPU
		{93ED3948-4A1A-4755-A5E0-B81DCBB915A9}.Debug|Any CPU.Build.0 = Debug|Any CPU
		{93ED3948-4A1A-4755-A5E0-B81DCBB915A9}.Debug|Mixed Platforms.ActiveCfg = Debug|Any CPU
		{93ED3948-4A1A-4755-A5E0-B81DCBB915A9}.Debug|Mixed Platforms.Build.0 = Debug|Any CPU
		{93ED3948-4A1A-4755-A5E0-B81DCBB915A9}.Debug|x86.ActiveCfg = Debug|x86
		{93ED3948-4A1A-4755-A5E0-B81DCBB915A9}.Release|Any CPU.ActiveCfg = Release|Any CPU
		{93ED3948-4A1A-4755-A5E0-B81DCBB915A9}.Release|Any CPU.Build.0 = Release|Any CPU
		{93ED3948-4A1A-4755-A5E0-B81DCBB915A9}.Release|Mixed Platforms.ActiveCfg = Release|Any CPU
		{93ED3948-4A1A-4755-A5E0-B81DCBB915A9}.Release|Mixed Platforms.Build.0 = Release|Any CPU
		{93ED3948-4A1A-4755-A5E0-B81DCBB915A9}.Release|x86.ActiveCfg = Release|Any CPU
		{B5161714-47C2-4D35-8331-326C3AFF2912}.Debug|Any CPU.ActiveCfg = Debug|Any CPU
		{B5161714-47C2-4D35-8331-326C3AFF2912}.Debug|Any CPU.Build.0 = Debug|Any CPU
		{B5161714-47C2-4D35-8331-326C3AFF2912}.Debug|Mixed Platforms.ActiveCfg = Debug|Any CPU
		{B5161714-47C2-4D35-8331-326C3AFF2912}.Debug|Mixed Platforms.Build.0 = Debug|Any CPU
		{B5161714-47C2-4D35-8331-326C3AFF2912}.Debug|x86.ActiveCfg = Debug|x86
		{B5161714-47C2-4D35-8331-326C3AFF2912}.Release|Any CPU.ActiveCfg = Release|Any CPU
		{B5161714-47C2-4D35-8331-326C3AFF2912}.Release|Any CPU.Build.0 = Release|Any CPU
		{B5161714-47C2-4D35-8331-326C3AFF2912}.Release|Mixed Platforms.ActiveCfg = Release|Any CPU
		{B5161714-47C2-4D35-8331-326C3AFF2912}.Release|Mixed Platforms.Build.0 = Release|Any CPU
		{B5161714-47C2-4D35-8331-326C3AFF2912}.Release|x86.ActiveCfg = Release|Any CPU
		{C293C5E3-F909-4C45-BE88-8B4EE445145F}.Debug|Any CPU.ActiveCfg = Debug|Any CPU
		{C293C5E3-F909-4C45-BE88-8B4EE445145F}.Debug|Any CPU.Build.0 = Debug|Any CPU
		{C293C5E3-F909-4C45-BE88-8B4EE445145F}.Debug|Mixed Platforms.ActiveCfg = Debug|Any CPU
		{C293C5E3-F909-4C45-BE88-8B4EE445145F}.Debug|Mixed Platforms.Build.0 = Debug|Any CPU
		{C293C5E3-F909-4C45-BE88-8B4EE445145F}.Debug|x86.ActiveCfg = Debug|x86
		{C293C5E3-F909-4C45-BE88-8B4EE445145F}.Release|Any CPU.ActiveCfg = Release|Any CPU
		{C293C5E3-F909-4C45-BE88-8B4EE445145F}.Release|Any CPU.Build.0 = Release|Any CPU
		{C293C5E3-F909-4C45-BE88-8B4EE445145F}.Release|Mixed Platforms.ActiveCfg = Release|Any CPU
		{C293C5E3-F909-4C45-BE88-8B4EE445145F}.Release|Mixed Platforms.Build.0 = Release|Any CPU
		{C293C5E3-F909-4C45-BE88-8B4EE445145F}.Release|x86.ActiveCfg = Release|Any CPU
		{20B5FD12-D53D-45CC-A7C2-B29EDAC43AFA}.Debug|Any CPU.ActiveCfg = Debug|Any CPU
		{20B5FD12-D53D-45CC-A7C2-B29EDAC43AFA}.Debug|Any CPU.Build.0 = Debug|Any CPU
		{20B5FD12-D53D-45CC-A7C2-B29EDAC43AFA}.Debug|Mixed Platforms.ActiveCfg = Debug|Any CPU
		{20B5FD12-D53D-45CC-A7C2-B29EDAC43AFA}.Debug|Mixed Platforms.Build.0 = Debug|Any CPU
		{20B5FD12-D53D-45CC-A7C2-B29EDAC43AFA}.Debug|x86.ActiveCfg = Debug|x86
		{20B5FD12-D53D-45CC-A7C2-B29EDAC43AFA}.Release|Any CPU.ActiveCfg = Release|Any CPU
		{20B5FD12-D53D-45CC-A7C2-B29EDAC43AFA}.Release|Any CPU.Build.0 = Release|Any CPU
		{20B5FD12-D53D-45CC-A7C2-B29EDAC43AFA}.Release|Mixed Platforms.ActiveCfg = Release|Any CPU
		{20B5FD12-D53D-45CC-A7C2-B29EDAC43AFA}.Release|Mixed Platforms.Build.0 = Release|Any CPU
		{20B5FD12-D53D-45CC-A7C2-B29EDAC43AFA}.Release|x86.ActiveCfg = Release|Any CPU
	EndGlobalSection
	GlobalSection(SolutionProperties) = preSolution
		HideSolutionNode = FALSE
	EndGlobalSection
EndGlobal
